
Microsoft Visual Studio Solution File, Format Version 12.00
Project("{FAE04EC0-301F-11D3-BF4B-00C04F79EFBC}") = "slopbot", "slopbot.csproj", "{9BD7421A-B23E-4821-B01A-585F8AC2C477}"
EndProject
Global
	GlobalSection(SolutionConfigurationPlatforms) = preSolution
		Debug|Any CPU = Debug|Any CPU
		Release|Any CPU = Release|Any CPU
	EndGlobalSection
	GlobalSection(ProjectConfigurationPlatforms) = postSolution
		{9BD7421A-B23E-4821-B01A-585F8AC2C477}.Debug|Any CPU.ActiveCfg = Debug|Any CPU
		{9BD7421A-B23E-4821-B01A-585F8AC2C477}.Debug|Any CPU.Build.0 = Debug|Any CPU
		{9BD7421A-B23E-4821-B01A-585F8AC2C477}.Release|Any CPU.ActiveCfg = Release|Any CPU
		{9BD7421A-B23E-4821-B01A-585F8AC2C477}.Release|Any CPU.Build.0 = Release|Any CPU
	EndGlobalSection
EndGlobal
